
Microsoft Visual Studio Solution File, Format Version 12.00
# Visual Studio Version 17
VisualStudioVersion = 17.6.33815.320
MinimumVisualStudioVersion = 10.0.40219.1
Project("{FAE04EC0-301F-11D3-BF4B-00C04F79EFBC}") = "CoreWebApiService", "CoreWebApiService\CoreWebApiService.csproj", "{33E9E4F2-1EFA-495B-BE3B-83CD9949284B}"
EndProject
Global
	GlobalSection(SolutionConfigurationPlatforms) = preSolution
		Debug|Any CPU = Debug|Any CPU
		Release|Any CPU = Release|Any CPU
	EndGlobalSection
	GlobalSection(ProjectConfigurationPlatforms) = postSolution
		{33E9E4F2-1EFA-495B-BE3B-83CD9949284B}.Debug|Any CPU.ActiveCfg = Debug|Any CPU
		{33E9E4F2-1EFA-495B-BE3B-83CD9949284B}.Debug|Any CPU.Build.0 = Debug|Any CPU
		{33E9E4F2-1EFA-495B-BE3B-83CD9949284B}.Release|Any CPU.ActiveCfg = Release|Any CPU
		{33E9E4F2-1EFA-495B-BE3B-83CD9949284B}.Release|Any CPU.Build.0 = Release|Any CPU
	EndGlobalSection
	GlobalSection(SolutionProperties) = preSolution
		HideSolutionNode = FALSE
	EndGlobalSection
	GlobalSection(ExtensibilityGlobals) = postSolution
		SolutionGuid = {8E0D1303-FED4-4915-B815-2869B12FEA76}
	EndGlobalSection
EndGlobal
