
Microsoft Visual Studio Solution File, Format Version 12.00
# Visual Studio Version 17
VisualStudioVersion = 17.6.33815.320
MinimumVisualStudioVersion = 10.0.40219.1
Project("{FAE04EC0-301F-11D3-BF4B-00C04F79EFBC}") = "MVCWithEFCF1", "MVCWithEFCF1\MVCWithEFCF1.csproj", "{0A279A07-73E6-4509-8C69-B1B4FC317016}"
EndProject
Global
	GlobalSection(SolutionConfigurationPlatforms) = preSolution
		Debug|Any CPU = Debug|Any CPU
		Release|Any CPU = Release|Any CPU
	EndGlobalSection
	GlobalSection(ProjectConfigurationPlatforms) = postSolution
		{0A279A07-73E6-4509-8C69-B1B4FC317016}.Debug|Any CPU.ActiveCfg = Debug|Any CPU
		{0A279A07-73E6-4509-8C69-B1B4FC317016}.Debug|Any CPU.Build.0 = Debug|Any CPU
		{0A279A07-73E6-4509-8C69-B1B4FC317016}.Release|Any CPU.ActiveCfg = Release|Any CPU
		{0A279A07-73E6-4509-8C69-B1B4FC317016}.Release|Any CPU.Build.0 = Release|Any CPU
	EndGlobalSection
	GlobalSection(SolutionProperties) = preSolution
		HideSolutionNode = FALSE
	EndGlobalSection
	GlobalSection(ExtensibilityGlobals) = postSolution
		SolutionGuid = {843AD547-F24A-47C0-9390-5C2B175252EE}
	EndGlobalSection
EndGlobal
