
Microsoft Visual Studio Solution File, Format Version 12.00
# Visual Studio Version 17
VisualStudioVersion = 17.6.33815.320
MinimumVisualStudioVersion = 10.0.40219.1
Project("{FAE04EC0-301F-11D3-BF4B-00C04F79EFBC}") = "MVCWithEFDBF3", "MVCWithEFDBF3\MVCWithEFDBF3.csproj", "{2B2089E1-3432-4B06-B1E1-7A4D2AAC6591}"
EndProject
Global
	GlobalSection(SolutionConfigurationPlatforms) = preSolution
		Debug|Any CPU = Debug|Any CPU
		Release|Any CPU = Release|Any CPU
	EndGlobalSection
	GlobalSection(ProjectConfigurationPlatforms) = postSolution
		{2B2089E1-3432-4B06-B1E1-7A4D2AAC6591}.Debug|Any CPU.ActiveCfg = Debug|Any CPU
		{2B2089E1-3432-4B06-B1E1-7A4D2AAC6591}.Debug|Any CPU.Build.0 = Debug|Any CPU
		{2B2089E1-3432-4B06-B1E1-7A4D2AAC6591}.Release|Any CPU.ActiveCfg = Release|Any CPU
		{2B2089E1-3432-4B06-B1E1-7A4D2AAC6591}.Release|Any CPU.Build.0 = Release|Any CPU
	EndGlobalSection
	GlobalSection(SolutionProperties) = preSolution
		HideSolutionNode = FALSE
	EndGlobalSection
	GlobalSection(ExtensibilityGlobals) = postSolution
		SolutionGuid = {AF32192C-BA28-48ED-864A-7CD0E934F8FA}
	EndGlobalSection
EndGlobal
