
Microsoft Visual Studio Solution File, Format Version 12.00
# Visual Studio Version 17
VisualStudioVersion = 17.6.33815.320
MinimumVisualStudioVersion = 10.0.40219.1
Project("{FAE04EC0-301F-11D3-BF4B-00C04F79EFBC}") = "DeployApp", "DeployApp\DeployApp.csproj", "{15A7173E-66E5-4ACA-812E-21995BB4C369}"
EndProject
Global
	GlobalSection(SolutionConfigurationPlatforms) = preSolution
		Debug|Any CPU = Debug|Any CPU
		Release|Any CPU = Release|Any CPU
	EndGlobalSection
	GlobalSection(ProjectConfigurationPlatforms) = postSolution
		{15A7173E-66E5-4ACA-812E-21995BB4C369}.Debug|Any CPU.ActiveCfg = Debug|Any CPU
		{15A7173E-66E5-4ACA-812E-21995BB4C369}.Debug|Any CPU.Build.0 = Debug|Any CPU
		{15A7173E-66E5-4ACA-812E-21995BB4C369}.Release|Any CPU.ActiveCfg = Release|Any CPU
		{15A7173E-66E5-4ACA-812E-21995BB4C369}.Release|Any CPU.Build.0 = Release|Any CPU
	EndGlobalSection
	GlobalSection(SolutionProperties) = preSolution
		HideSolutionNode = FALSE
	EndGlobalSection
	GlobalSection(ExtensibilityGlobals) = postSolution
		SolutionGuid = {0AC7F301-204B-4B49-ABE0-62F93576EF14}
	EndGlobalSection
EndGlobal
