
Microsoft Visual Studio Solution File, Format Version 12.00
# Visual Studio Version 17
VisualStudioVersion = 17.6.33815.320
MinimumVisualStudioVersion = 10.0.40219.1
Project("{FAE04EC0-301F-11D3-BF4B-00C04F79EFBC}") = "MVCWithEFDBF2", "MVCWithEFDBF2\MVCWithEFDBF2.csproj", "{FFB97608-71AF-4106-88EB-E3E5EAA8D7EA}"
EndProject
Global
	GlobalSection(SolutionConfigurationPlatforms) = preSolution
		Debug|Any CPU = Debug|Any CPU
		Release|Any CPU = Release|Any CPU
	EndGlobalSection
	GlobalSection(ProjectConfigurationPlatforms) = postSolution
		{FFB97608-71AF-4106-88EB-E3E5EAA8D7EA}.Debug|Any CPU.ActiveCfg = Debug|Any CPU
		{FFB97608-71AF-4106-88EB-E3E5EAA8D7EA}.Debug|Any CPU.Build.0 = Debug|Any CPU
		{FFB97608-71AF-4106-88EB-E3E5EAA8D7EA}.Release|Any CPU.ActiveCfg = Release|Any CPU
		{FFB97608-71AF-4106-88EB-E3E5EAA8D7EA}.Release|Any CPU.Build.0 = Release|Any CPU
	EndGlobalSection
	GlobalSection(SolutionProperties) = preSolution
		HideSolutionNode = FALSE
	EndGlobalSection
	GlobalSection(ExtensibilityGlobals) = postSolution
		SolutionGuid = {A663EA94-230C-49AB-A92A-663C2A5D650D}
	EndGlobalSection
EndGlobal
