
Microsoft Visual Studio Solution File, Format Version 12.00
# Visual Studio Version 17
VisualStudioVersion = 17.6.33815.320
MinimumVisualStudioVersion = 10.0.40219.1
Project("{FAE04EC0-301F-11D3-BF4B-00C04F79EFBC}") = "CoreTestProject1.Core5.0", "CoreTestProject1.Core5.0\CoreTestProject1.Core5.0.csproj", "{A27DB871-A171-4E09-B8A4-958DB7E5289F}"
EndProject
Global
	GlobalSection(SolutionConfigurationPlatforms) = preSolution
		Debug|Any CPU = Debug|Any CPU
		Release|Any CPU = Release|Any CPU
	EndGlobalSection
	GlobalSection(ProjectConfigurationPlatforms) = postSolution
		{A27DB871-A171-4E09-B8A4-958DB7E5289F}.Debug|Any CPU.ActiveCfg = Debug|Any CPU
		{A27DB871-A171-4E09-B8A4-958DB7E5289F}.Debug|Any CPU.Build.0 = Debug|Any CPU
		{A27DB871-A171-4E09-B8A4-958DB7E5289F}.Release|Any CPU.ActiveCfg = Release|Any CPU
		{A27DB871-A171-4E09-B8A4-958DB7E5289F}.Release|Any CPU.Build.0 = Release|Any CPU
	EndGlobalSection
	GlobalSection(SolutionProperties) = preSolution
		HideSolutionNode = FALSE
	EndGlobalSection
	GlobalSection(ExtensibilityGlobals) = postSolution
		SolutionGuid = {08E41B16-857E-4B2C-B134-F62D4656D210}
	EndGlobalSection
EndGlobal
