
Microsoft Visual Studio Solution File, Format Version 12.00
# Visual Studio Version 17
VisualStudioVersion = 17.6.33723.286
MinimumVisualStudioVersion = 10.0.40219.1
Project("{FAE04EC0-301F-11D3-BF4B-00C04F79EFBC}") = "WebApplicationNITExample", "WebApplicationNITExample\WebApplicationNITExample.csproj", "{61BA2A1A-8F4A-4339-959A-278079B5D66B}"
EndProject
Global
	GlobalSection(SolutionConfigurationPlatforms) = preSolution
		Debug|Any CPU = Debug|Any CPU
		Release|Any CPU = Release|Any CPU
	EndGlobalSection
	GlobalSection(ProjectConfigurationPlatforms) = postSolution
		{61BA2A1A-8F4A-4339-959A-278079B5D66B}.Debug|Any CPU.ActiveCfg = Debug|Any CPU
		{61BA2A1A-8F4A-4339-959A-278079B5D66B}.Debug|Any CPU.Build.0 = Debug|Any CPU
		{61BA2A1A-8F4A-4339-959A-278079B5D66B}.Release|Any CPU.ActiveCfg = Release|Any CPU
		{61BA2A1A-8F4A-4339-959A-278079B5D66B}.Release|Any CPU.Build.0 = Release|Any CPU
	EndGlobalSection
	GlobalSection(SolutionProperties) = preSolution
		HideSolutionNode = FALSE
	EndGlobalSection
	GlobalSection(ExtensibilityGlobals) = postSolution
		SolutionGuid = {71CF475B-546C-4976-9B69-B5831DA8F767}
	EndGlobalSection
EndGlobal
