
Microsoft Visual Studio Solution File, Format Version 12.00
# Visual Studio Version 17
VisualStudioVersion = 17.6.33815.320
MinimumVisualStudioVersion = 10.0.40219.1
Project("{FAE04EC0-301F-11D3-BF4B-00C04F79EFBC}") = "CsharpPrograms", "CsharpPrograms\CsharpPrograms.csproj", "{7FAFD009-B80D-4B53-9A25-BA6FAEF5600C}"
EndProject
Global
	GlobalSection(SolutionConfigurationPlatforms) = preSolution
		Debug|Any CPU = Debug|Any CPU
		Release|Any CPU = Release|Any CPU
	EndGlobalSection
	GlobalSection(ProjectConfigurationPlatforms) = postSolution
		{7FAFD009-B80D-4B53-9A25-BA6FAEF5600C}.Debug|Any CPU.ActiveCfg = Debug|Any CPU
		{7FAFD009-B80D-4B53-9A25-BA6FAEF5600C}.Debug|Any CPU.Build.0 = Debug|Any CPU
		{7FAFD009-B80D-4B53-9A25-BA6FAEF5600C}.Release|Any CPU.ActiveCfg = Release|Any CPU
		{7FAFD009-B80D-4B53-9A25-BA6FAEF5600C}.Release|Any CPU.Build.0 = Release|Any CPU
	EndGlobalSection
	GlobalSection(SolutionProperties) = preSolution
		HideSolutionNode = FALSE
	EndGlobalSection
	GlobalSection(ExtensibilityGlobals) = postSolution
		SolutionGuid = {C9D8E409-DFC9-4C67-9517-6D850E26264B}
	EndGlobalSection
EndGlobal
