
Microsoft Visual Studio Solution File, Format Version 12.00
# Visual Studio Version 17
VisualStudioVersion = 17.6.33815.320
MinimumVisualStudioVersion = 10.0.40219.1
Project("{FAE04EC0-301F-11D3-BF4B-00C04F79EFBC}") = "MVCWithEFCF4", "MVCWithEFCF4\MVCWithEFCF4.csproj", "{DFD35D49-EF10-4DE1-B354-A53E6B6C9C02}"
EndProject
Global
	GlobalSection(SolutionConfigurationPlatforms) = preSolution
		Debug|Any CPU = Debug|Any CPU
		Release|Any CPU = Release|Any CPU
	EndGlobalSection
	GlobalSection(ProjectConfigurationPlatforms) = postSolution
		{DFD35D49-EF10-4DE1-B354-A53E6B6C9C02}.Debug|Any CPU.ActiveCfg = Debug|Any CPU
		{DFD35D49-EF10-4DE1-B354-A53E6B6C9C02}.Debug|Any CPU.Build.0 = Debug|Any CPU
		{DFD35D49-EF10-4DE1-B354-A53E6B6C9C02}.Release|Any CPU.ActiveCfg = Release|Any CPU
		{DFD35D49-EF10-4DE1-B354-A53E6B6C9C02}.Release|Any CPU.Build.0 = Release|Any CPU
	EndGlobalSection
	GlobalSection(SolutionProperties) = preSolution
		HideSolutionNode = FALSE
	EndGlobalSection
	GlobalSection(ExtensibilityGlobals) = postSolution
		SolutionGuid = {407C39AF-A5A1-4C79-94E0-D4E6FE3B354A}
	EndGlobalSection
EndGlobal
