
Microsoft Visual Studio Solution File, Format Version 12.00
# Visual Studio Version 17
VisualStudioVersion = 17.6.33815.320
MinimumVisualStudioVersion = 10.0.40219.1
Project("{FAE04EC0-301F-11D3-BF4B-00C04F79EFBC}") = "MVCAreas", "MVCAreas\MVCAreas.csproj", "{62E20EFC-899D-49FA-BCDF-C813D6C1335E}"
EndProject
Global
	GlobalSection(SolutionConfigurationPlatforms) = preSolution
		Debug|Any CPU = Debug|Any CPU
		Release|Any CPU = Release|Any CPU
	EndGlobalSection
	GlobalSection(ProjectConfigurationPlatforms) = postSolution
		{62E20EFC-899D-49FA-BCDF-C813D6C1335E}.Debug|Any CPU.ActiveCfg = Debug|Any CPU
		{62E20EFC-899D-49FA-BCDF-C813D6C1335E}.Debug|Any CPU.Build.0 = Debug|Any CPU
		{62E20EFC-899D-49FA-BCDF-C813D6C1335E}.Release|Any CPU.ActiveCfg = Release|Any CPU
		{62E20EFC-899D-49FA-BCDF-C813D6C1335E}.Release|Any CPU.Build.0 = Release|Any CPU
	EndGlobalSection
	GlobalSection(SolutionProperties) = preSolution
		HideSolutionNode = FALSE
	EndGlobalSection
	GlobalSection(ExtensibilityGlobals) = postSolution
		SolutionGuid = {2396E47C-BBCF-40B0-9910-82FF85C0B4C5}
	EndGlobalSection
EndGlobal
